// !$*UTF8*$!
{
	archiveVersion = 1;
	classes = {
	};
	objectVersion = 55;
	objects = {

/* Begin PBXBuildFile section */
		821F827A287F3F0F00B6B1E2 /* DetailsViewController.swift in Sources */ = {isa = PBXBuildFile; fileRef = 821F8279287F3F0F00B6B1E2 /* DetailsViewController.swift */; };
		821F827C287F47E300B6B1E2 /* FeaturedViewController+UICollectionViewDelegate.swift in Sources */ = {isa = PBXBuildFile; fileRef = 821F827B287F47E300B6B1E2 /* FeaturedViewController+UICollectionViewDelegate.swift */; };
		82948BDF2874AEE10098B4BA /* AppDelegate.swift in Sources */ = {isa = PBXBuildFile; fileRef = 82948BDE2874AEE10098B4BA /* AppDelegate.swift */; };
		82948BE12874AEE10098B4BA /* SceneDelegate.swift in Sources */ = {isa = PBXBuildFile; fileRef = 82948BE02874AEE10098B4BA /* SceneDelegate.swift */; };
		82948BE32874AEE10098B4BA /* FeaturedViewController.swift in Sources */ = {isa = PBXBuildFile; fileRef = 82948BE22874AEE10098B4BA /* FeaturedViewController.swift */; };
		82948BE62874AEE10098B4BA /* Main.storyboard in Resources */ = {isa = PBXBuildFile; fileRef = 82948BE42874AEE10098B4BA /* Main.storyboard */; };
		82948BE82874AEE30098B4BA /* Assets.xcassets in Resources */ = {isa = PBXBuildFile; fileRef = 82948BE72874AEE30098B4BA /* Assets.xcassets */; };
		82948BEB2874AEE30098B4BA /* LaunchScreen.storyboard in Resources */ = {isa = PBXBuildFile; fileRef = 82948BE92874AEE30098B4BA /* LaunchScreen.storyboard */; };
		82AFF2562881E7DB0032C0B3 /* TMDB-Info.plist in Resources */ = {isa = PBXBuildFile; fileRef = 82AFF2552881E7DB0032C0B3 /* TMDB-Info.plist */; };
		82AFF2582881EC3D0032C0B3 /* Movie+API.swift in Sources */ = {isa = PBXBuildFile; fileRef = 82AFF2572881EC3D0032C0B3 /* Movie+API.swift */; };
		82AFF25A2881F8CE0032C0B3 /* MovieResponse.swift in Sources */ = {isa = PBXBuildFile; fileRef = 82AFF2592881F8CE0032C0B3 /* MovieResponse.swift */; };
		82DB2D8A287C980500A1D23E /* PopularCollectionViewCell.swift in Sources */ = {isa = PBXBuildFile; fileRef = 82DB2D89287C980500A1D23E /* PopularCollectionViewCell.swift */; };
		82DB2D8C287C985500A1D23E /* NowPlayingCollectionViewCell.swift in Sources */ = {isa = PBXBuildFile; fileRef = 82DB2D8B287C985500A1D23E /* NowPlayingCollectionViewCell.swift */; };
		82DB2D8E287C98A400A1D23E /* UpcomingCollectionViewCell.swift in Sources */ = {isa = PBXBuildFile; fileRef = 82DB2D8D287C98A400A1D23E /* UpcomingCollectionViewCell.swift */; };
		82DB2D94287DEE4A00A1D23E /* Movie.swift in Sources */ = {isa = PBXBuildFile; fileRef = 82DB2D93287DEE4A00A1D23E /* Movie.swift */; };
		82DB2D9A287DF54B00A1D23E /* Movie+TrendingThisWeek.swift in Sources */ = {isa = PBXBuildFile; fileRef = 82DB2D95287DF54B00A1D23E /* Movie+TrendingThisWeek.swift */; };
		82DB2D9B287DF54B00A1D23E /* Movie+Upcoming.swift in Sources */ = {isa = PBXBuildFile; fileRef = 82DB2D96287DF54B00A1D23E /* Movie+Upcoming.swift */; };
		82DB2D9C287DF54B00A1D23E /* Movie+TrendingToday.swift in Sources */ = {isa = PBXBuildFile; fileRef = 82DB2D97287DF54B00A1D23E /* Movie+TrendingToday.swift */; };
		82DB2D9D287DF54B00A1D23E /* Movie+NowPlaying.swift in Sources */ = {isa = PBXBuildFile; fileRef = 82DB2D98287DF54B00A1D23E /* Movie+NowPlaying.swift */; };
		82DB2D9E287DF54B00A1D23E /* Movie+Popular.swift in Sources */ = {isa = PBXBuildFile; fileRef = 82DB2D99287DF54B00A1D23E /* Movie+Popular.swift */; };
		82DB2DA0287E145700A1D23E /* FeaturedViewController+UICollectionViewDataSource.swift in Sources */ = {isa = PBXBuildFile; fileRef = 82DB2D9F287E145700A1D23E /* FeaturedViewController+UICollectionViewDataSource.swift */; };
/* End PBXBuildFile section */

/* Begin PBXFileReference section */
		821F8279287F3F0F00B6B1E2 /* DetailsViewController.swift */ = {isa = PBXFileReference; lastKnownFileType = sourcecode.swift; path = DetailsViewController.swift; sourceTree = "<group>"; };
		821F827B287F47E300B6B1E2 /* FeaturedViewController+UICollectionViewDelegate.swift */ = {isa = PBXFileReference; lastKnownFileType = sourcecode.swift; path = "FeaturedViewController+UICollectionViewDelegate.swift"; sourceTree = "<group>"; };
		82948BDB2874AEE10098B4BA /* Challenge-triunfo.app */ = {isa = PBXFileReference; explicitFileType = wrapper.application; includeInIndex = 0; path = "Challenge-triunfo.app"; sourceTree = BUILT_PRODUCTS_DIR; };
		82948BDE2874AEE10098B4BA /* AppDelegate.swift */ = {isa = PBXFileReference; lastKnownFileType = sourcecode.swift; path = AppDelegate.swift; sourceTree = "<group>"; };
		82948BE02874AEE10098B4BA /* SceneDelegate.swift */ = {isa = PBXFileReference; lastKnownFileType = sourcecode.swift; path = SceneDelegate.swift; sourceTree = "<group>"; };
		82948BE22874AEE10098B4BA /* FeaturedViewController.swift */ = {isa = PBXFileReference; lastKnownFileType = sourcecode.swift; path = FeaturedViewController.swift; sourceTree = "<group>"; };
		82948BE52874AEE10098B4BA /* Base */ = {isa = PBXFileReference; lastKnownFileType = file.storyboard; name = Base; path = Base.lproj/Main.storyboard; sourceTree = "<group>"; };
		82948BE72874AEE30098B4BA /* Assets.xcassets */ = {isa = PBXFileReference; lastKnownFileType = folder.assetcatalog; path = Assets.xcassets; sourceTree = "<group>"; };
		82948BEA2874AEE30098B4BA /* Base */ = {isa = PBXFileReference; lastKnownFileType = file.storyboard; name = Base; path = Base.lproj/LaunchScreen.storyboard; sourceTree = "<group>"; };
		82948BEC2874AEE30098B4BA /* Info.plist */ = {isa = PBXFileReference; lastKnownFileType = text.plist.xml; path = Info.plist; sourceTree = "<group>"; };
		82AFF2552881E7DB0032C0B3 /* TMDB-Info.plist */ = {isa = PBXFileReference; lastKnownFileType = text.plist.xml; path = "TMDB-Info.plist"; sourceTree = "<group>"; };
		82AFF2572881EC3D0032C0B3 /* Movie+API.swift */ = {isa = PBXFileReference; fileEncoding = 4; lastKnownFileType = sourcecode.swift; path = "Movie+API.swift"; sourceTree = "<group>"; };
		82AFF2592881F8CE0032C0B3 /* MovieResponse.swift */ = {isa = PBXFileReference; lastKnownFileType = sourcecode.swift; path = MovieResponse.swift; sourceTree = "<group>"; };
		82DB2D89287C980500A1D23E /* PopularCollectionViewCell.swift */ = {isa = PBXFileReference; lastKnownFileType = sourcecode.swift; path = PopularCollectionViewCell.swift; sourceTree = "<group>"; };
		82DB2D8B287C985500A1D23E /* NowPlayingCollectionViewCell.swift */ = {isa = PBXFileReference; lastKnownFileType = sourcecode.swift; path = NowPlayingCollectionViewCell.swift; sourceTree = "<group>"; };
		82DB2D8D287C98A400A1D23E /* UpcomingCollectionViewCell.swift */ = {isa = PBXFileReference; lastKnownFileType = sourcecode.swift; path = UpcomingCollectionViewCell.swift; sourceTree = "<group>"; };
		82DB2D93287DEE4A00A1D23E /* Movie.swift */ = {isa = PBXFileReference; lastKnownFileType = sourcecode.swift; path = Movie.swift; sourceTree = "<group>"; };
		82DB2D95287DF54B00A1D23E /* Movie+TrendingThisWeek.swift */ = {isa = PBXFileReference; fileEncoding = 4; lastKnownFileType = sourcecode.swift; path = "Movie+TrendingThisWeek.swift"; sourceTree = "<group>"; };
		82DB2D96287DF54B00A1D23E /* Movie+Upcoming.swift */ = {isa = PBXFileReference; fileEncoding = 4; lastKnownFileType = sourcecode.swift; path = "Movie+Upcoming.swift"; sourceTree = "<group>"; };
		82DB2D97287DF54B00A1D23E /* Movie+TrendingToday.swift */ = {isa = PBXFileReference; fileEncoding = 4; lastKnownFileType = sourcecode.swift; path = "Movie+TrendingToday.swift"; sourceTree = "<group>"; };
		82DB2D98287DF54B00A1D23E /* Movie+NowPlaying.swift */ = {isa = PBXFileReference; fileEncoding = 4; lastKnownFileType = sourcecode.swift; path = "Movie+NowPlaying.swift"; sourceTree = "<group>"; };
		82DB2D99287DF54B00A1D23E /* Movie+Popular.swift */ = {isa = PBXFileReference; fileEncoding = 4; lastKnownFileType = sourcecode.swift; path = "Movie+Popular.swift"; sourceTree = "<group>"; };
		82DB2D9F287E145700A1D23E /* FeaturedViewController+UICollectionViewDataSource.swift */ = {isa = PBXFileReference; lastKnownFileType = sourcecode.swift; path = "FeaturedViewController+UICollectionViewDataSource.swift"; sourceTree = "<group>"; };
/* End PBXFileReference section */

/* Begin PBXFrameworksBuildPhase section */
		82948BD82874AEE10098B4BA /* Frameworks */ = {
			isa = PBXFrameworksBuildPhase;
			buildActionMask = 2147483647;
			files = (
			);
			runOnlyForDeploymentPostprocessing = 0;
		};
/* End PBXFrameworksBuildPhase section */

/* Begin PBXGroup section */
		82948BD22874AEE10098B4BA = {
			isa = PBXGroup;
			children = (
				82948BDD2874AEE10098B4BA /* Challenge-triunfo */,
				82948BDC2874AEE10098B4BA /* Products */,
			);
			sourceTree = "<group>";
		};
		82948BDC2874AEE10098B4BA /* Products */ = {
			isa = PBXGroup;
			children = (
				82948BDB2874AEE10098B4BA /* Challenge-triunfo.app */,
			);
			name = Products;
			sourceTree = "<group>";
		};
		82948BDD2874AEE10098B4BA /* Challenge-triunfo */ = {
			isa = PBXGroup;
			children = (
				82948BDE2874AEE10098B4BA /* AppDelegate.swift */,
				82948BE02874AEE10098B4BA /* SceneDelegate.swift */,
				82DB2D92287DEDF500A1D23E /* Model */,
				82DB2D8F287C99B000A1D23E /* Controllers */,
				82DB2D90287C99EF00A1D23E /* Views */,
				82DB2D91287C9E1500A1D23E /* SupportingFiles */,
			);
			path = "Challenge-triunfo";
			sourceTree = "<group>";
		};
		82DB2D8F287C99B000A1D23E /* Controllers */ = {
			isa = PBXGroup;
			children = (
				82948BE22874AEE10098B4BA /* FeaturedViewController.swift */,
				82DB2D9F287E145700A1D23E /* FeaturedViewController+UICollectionViewDataSource.swift */,
				821F827B287F47E300B6B1E2 /* FeaturedViewController+UICollectionViewDelegate.swift */,
				821F8279287F3F0F00B6B1E2 /* DetailsViewController.swift */,
			);
			path = Controllers;
			sourceTree = "<group>";
		};
		82DB2D90287C99EF00A1D23E /* Views */ = {
			isa = PBXGroup;
			children = (
				82948BE42874AEE10098B4BA /* Main.storyboard */,
				82948BE92874AEE30098B4BA /* LaunchScreen.storyboard */,
				82DB2D89287C980500A1D23E /* PopularCollectionViewCell.swift */,
				82DB2D8B287C985500A1D23E /* NowPlayingCollectionViewCell.swift */,
				82DB2D8D287C98A400A1D23E /* UpcomingCollectionViewCell.swift */,
			);
			path = Views;
			sourceTree = "<group>";
		};
		82DB2D91287C9E1500A1D23E /* SupportingFiles */ = {
			isa = PBXGroup;
			children = (
				82948BE72874AEE30098B4BA /* Assets.xcassets */,
				82948BEC2874AEE30098B4BA /* Info.plist */,
				82AFF2552881E7DB0032C0B3 /* TMDB-Info.plist */,
			);
			name = SupportingFiles;
			sourceTree = "<group>";
		};
		82DB2D92287DEDF500A1D23E /* Model */ = {
			isa = PBXGroup;
			children = (
				82AFF2572881EC3D0032C0B3 /* Movie+API.swift */,
				82DB2D98287DF54B00A1D23E /* Movie+NowPlaying.swift */,
				82DB2D99287DF54B00A1D23E /* Movie+Popular.swift */,
				82DB2D95287DF54B00A1D23E /* Movie+TrendingThisWeek.swift */,
				82DB2D97287DF54B00A1D23E /* Movie+TrendingToday.swift */,
				82DB2D96287DF54B00A1D23E /* Movie+Upcoming.swift */,
				82DB2D93287DEE4A00A1D23E /* Movie.swift */,
				82AFF2592881F8CE0032C0B3 /* MovieResponse.swift */,
			);
			path = Model;
			sourceTree = "<group>";
		};
/* End PBXGroup section */

/* Begin PBXNativeTarget section */
		82948BDA2874AEE10098B4BA /* Challenge-triunfo */ = {
			isa = PBXNativeTarget;
			buildConfigurationList = 82948BEF2874AEE30098B4BA /* Build configuration list for PBXNativeTarget "Challenge-triunfo" */;
			buildPhases = (
				82948BD72874AEE10098B4BA /* Sources */,
				82948BD82874AEE10098B4BA /* Frameworks */,
				82948BD92874AEE10098B4BA /* Resources */,
			);
			buildRules = (
			);
			dependencies = (
			);
			name = "Challenge-triunfo";
			productName = "Challenge-triunfo";
			productReference = 82948BDB2874AEE10098B4BA /* Challenge-triunfo.app */;
			productType = "com.apple.product-type.application";
		};
/* End PBXNativeTarget section */

/* Begin PBXProject section */
		82948BD32874AEE10098B4BA /* Project object */ = {
			isa = PBXProject;
			attributes = {
				BuildIndependentTargetsInParallel = 1;
				LastSwiftUpdateCheck = 1340;
				LastUpgradeCheck = 1340;
				TargetAttributes = {
					82948BDA2874AEE10098B4BA = {
						CreatedOnToolsVersion = 13.4.1;
					};
				};
			};
			buildConfigurationList = 82948BD62874AEE10098B4BA /* Build configuration list for PBXProject "Challenge-triunfo" */;
			compatibilityVersion = "Xcode 13.0";
			developmentRegion = en;
			hasScannedForEncodings = 0;
			knownRegions = (
				en,
				Base,
			);
			mainGroup = 82948BD22874AEE10098B4BA;
			productRefGroup = 82948BDC2874AEE10098B4BA /* Products */;
			projectDirPath = "";
			projectRoot = "";
			targets = (
				82948BDA2874AEE10098B4BA /* Challenge-triunfo */,
			);
		};
/* End PBXProject section */

/* Begin PBXResourcesBuildPhase section */
		82948BD92874AEE10098B4BA /* Resources */ = {
			isa = PBXResourcesBuildPhase;
			buildActionMask = 2147483647;
			files = (
				82948BEB2874AEE30098B4BA /* LaunchScreen.storyboard in Resources */,
				82AFF2562881E7DB0032C0B3 /* TMDB-Info.plist in Resources */,
				82948BE82874AEE30098B4BA /* Assets.xcassets in Resources */,
				82948BE62874AEE10098B4BA /* Main.storyboard in Resources */,
			);
			runOnlyForDeploymentPostprocessing = 0;
		};
/* End PBXResourcesBuildPhase section */

/* Begin PBXSourcesBuildPhase section */
		82948BD72874AEE10098B4BA /* Sources */ = {
			isa = PBXSourcesBuildPhase;
			buildActionMask = 2147483647;
			files = (
				82DB2D94287DEE4A00A1D23E /* Movie.swift in Sources */,
				82DB2D9C287DF54B00A1D23E /* Movie+TrendingToday.swift in Sources */,
				82DB2D9A287DF54B00A1D23E /* Movie+TrendingThisWeek.swift in Sources */,
				82DB2D8E287C98A400A1D23E /* UpcomingCollectionViewCell.swift in Sources */,
				82DB2DA0287E145700A1D23E /* FeaturedViewController+UICollectionViewDataSource.swift in Sources */,
				82DB2D8C287C985500A1D23E /* NowPlayingCollectionViewCell.swift in Sources */,
				82DB2D8A287C980500A1D23E /* PopularCollectionViewCell.swift in Sources */,
				82DB2D9D287DF54B00A1D23E /* Movie+NowPlaying.swift in Sources */,
				82948BE32874AEE10098B4BA /* FeaturedViewController.swift in Sources */,
				82DB2D9E287DF54B00A1D23E /* Movie+Popular.swift in Sources */,
				82948BDF2874AEE10098B4BA /* AppDelegate.swift in Sources */,
				821F827C287F47E300B6B1E2 /* FeaturedViewController+UICollectionViewDelegate.swift in Sources */,
				821F827A287F3F0F00B6B1E2 /* DetailsViewController.swift in Sources */,
				82AFF25A2881F8CE0032C0B3 /* MovieResponse.swift in Sources */,
				82DB2D9B287DF54B00A1D23E /* Movie+Upcoming.swift in Sources */,
				82948BE12874AEE10098B4BA /* SceneDelegate.swift in Sources */,
				82AFF2582881EC3D0032C0B3 /* Movie+API.swift in Sources */,
			);
			runOnlyForDeploymentPostprocessing = 0;
		};
/* End PBXSourcesBuildPhase section */

/* Begin PBXVariantGroup section */
		82948BE42874AEE10098B4BA /* Main.storyboard */ = {
			isa = PBXVariantGroup;
			children = (
				82948BE52874AEE10098B4BA /* Base */,
			);
			name = Main.storyboard;
			sourceTree = "<group>";
		};
		82948BE92874AEE30098B4BA /* LaunchScreen.storyboard */ = {
			isa = PBXVariantGroup;
			children = (
				82948BEA2874AEE30098B4BA /* Base */,
			);
			name = LaunchScreen.storyboard;
			sourceTree = "<group>";
		};
/* End PBXVariantGroup section */

/* Begin XCBuildConfiguration section */
		82948BED2874AEE30098B4BA /* Debug */ = {
			isa = XCBuildConfiguration;
			buildSettings = {
				ALWAYS_SEARCH_USER_PATHS = NO;
				CLANG_ANALYZER_NONNULL = YES;
				CLANG_ANALYZER_NUMBER_OBJECT_CONVERSION = YES_AGGRESSIVE;
				CLANG_CXX_LANGUAGE_STANDARD = "gnu++17";
				CLANG_ENABLE_MODULES = YES;
				CLANG_ENABLE_OBJC_ARC = YES;
				CLANG_ENABLE_OBJC_WEAK = YES;
				CLANG_WARN_BLOCK_CAPTURE_AUTORELEASING = YES;
				CLANG_WARN_BOOL_CONVERSION = YES;
				CLANG_WARN_COMMA = YES;
				CLANG_WARN_CONSTANT_CONVERSION = YES;
				CLANG_WARN_DEPRECATED_OBJC_IMPLEMENTATIONS = YES;
				CLANG_WARN_DIRECT_OBJC_ISA_USAGE = YES_ERROR;
				CLANG_WARN_DOCUMENTATION_COMMENTS = YES;
				CLANG_WARN_EMPTY_BODY = YES;
				CLANG_WARN_ENUM_CONVERSION = YES;
				CLANG_WARN_INFINITE_RECURSION = YES;
				CLANG_WARN_INT_CONVERSION = YES;
				CLANG_WARN_NON_LITERAL_NULL_CONVERSION = YES;
				CLANG_WARN_OBJC_IMPLICIT_RETAIN_SELF = YES;
				CLANG_WARN_OBJC_LITERAL_CONVERSION = YES;
				CLANG_WARN_OBJC_ROOT_CLASS = YES_ERROR;
				CLANG_WARN_QUOTED_INCLUDE_IN_FRAMEWORK_HEADER = YES;
				CLANG_WARN_RANGE_LOOP_ANALYSIS = YES;
				CLANG_WARN_STRICT_PROTOTYPES = YES;
				CLANG_WARN_SUSPICIOUS_MOVE = YES;
				CLANG_WARN_UNGUARDED_AVAILABILITY = YES_AGGRESSIVE;
				CLANG_WARN_UNREACHABLE_CODE = YES;
				CLANG_WARN__DUPLICATE_METHOD_MATCH = YES;
				COPY_PHASE_STRIP = NO;
				DEBUG_INFORMATION_FORMAT = dwarf;
				ENABLE_STRICT_OBJC_MSGSEND = YES;
				ENABLE_TESTABILITY = YES;
				GCC_C_LANGUAGE_STANDARD = gnu11;
				GCC_DYNAMIC_NO_PIC = NO;
				GCC_NO_COMMON_BLOCKS = YES;
				GCC_OPTIMIZATION_LEVEL = 0;
				GCC_PREPROCESSOR_DEFINITIONS = (
					"DEBUG=1",
					"$(inherited)",
				);
				GCC_WARN_64_TO_32_BIT_CONVERSION = YES;
				GCC_WARN_ABOUT_RETURN_TYPE = YES_ERROR;
				GCC_WARN_UNDECLARED_SELECTOR = YES;
				GCC_WARN_UNINITIALIZED_AUTOS = YES_AGGRESSIVE;
				GCC_WARN_UNUSED_FUNCTION = YES;
				GCC_WARN_UNUSED_VARIABLE = YES;
				IPHONEOS_DEPLOYMENT_TARGET = 15.5;
				MTL_ENABLE_DEBUG_INFO = INCLUDE_SOURCE;
				MTL_FAST_MATH = YES;
				ONLY_ACTIVE_ARCH = YES;
				SDKROOT = iphoneos;
				SWIFT_ACTIVE_COMPILATION_CONDITIONS = DEBUG;
				SWIFT_OPTIMIZATION_LEVEL = "-Onone";
			};
			name = Debug;
		};
		82948BEE2874AEE30098B4BA /* Release */ = {
			isa = XCBuildConfiguration;
			buildSettings = {
				ALWAYS_SEARCH_USER_PATHS = NO;
				CLANG_ANALYZER_NONNULL = YES;
				CLANG_ANALYZER_NUMBER_OBJECT_CONVERSION = YES_AGGRESSIVE;
				CLANG_CXX_LANGUAGE_STANDARD = "gnu++17";
				CLANG_ENABLE_MODULES = YES;
				CLANG_ENABLE_OBJC_ARC = YES;
				CLANG_ENABLE_OBJC_WEAK = YES;
				CLANG_WARN_BLOCK_CAPTURE_AUTORELEASING = YES;
				CLANG_WARN_BOOL_CONVERSION = YES;
				CLANG_WARN_COMMA = YES;
				CLANG_WARN_CONSTANT_CONVERSION = YES;
				CLANG_WARN_DEPRECATED_OBJC_IMPLEMENTATIONS = YES;
				CLANG_WARN_DIRECT_OBJC_ISA_USAGE = YES_ERROR;
				CLANG_WARN_DOCUMENTATION_COMMENTS = YES;
				CLANG_WARN_EMPTY_BODY = YES;
				CLANG_WARN_ENUM_CONVERSION = YES;
				CLANG_WARN_INFINITE_RECURSION = YES;
				CLANG_WARN_INT_CONVERSION = YES;
				CLANG_WARN_NON_LITERAL_NULL_CONVERSION = YES;
				CLANG_WARN_OBJC_IMPLICIT_RETAIN_SELF = YES;
				CLANG_WARN_OBJC_LITERAL_CONVERSION = YES;
				CLANG_WARN_OBJC_ROOT_CLASS = YES_ERROR;
				CLANG_WARN_QUOTED_INCLUDE_IN_FRAMEWORK_HEADER = YES;
				CLANG_WARN_RANGE_LOOP_ANALYSIS = YES;
				CLANG_WARN_STRICT_PROTOTYPES = YES;
				CLANG_WARN_SUSPICIOUS_MOVE = YES;
				CLANG_WARN_UNGUARDED_AVAILABILITY = YES_AGGRESSIVE;
				CLANG_WARN_UNREACHABLE_CODE = YES;
				CLANG_WARN__DUPLICATE_METHOD_MATCH = YES;
				COPY_PHASE_STRIP = NO;
				DEBUG_INFORMATION_FORMAT = "dwarf-with-dsym";
				ENABLE_NS_ASSERTIONS = NO;
				ENABLE_STRICT_OBJC_MSGSEND = YES;
				GCC_C_LANGUAGE_STANDARD = gnu11;
				GCC_NO_COMMON_BLOCKS = YES;
				GCC_WARN_64_TO_32_BIT_CONVERSION = YES;
				GCC_WARN_ABOUT_RETURN_TYPE = YES_ERROR;
				GCC_WARN_UNDECLARED_SELECTOR = YES;
				GCC_WARN_UNINITIALIZED_AUTOS = YES_AGGRESSIVE;
				GCC_WARN_UNUSED_FUNCTION = YES;
				GCC_WARN_UNUSED_VARIABLE = YES;
				IPHONEOS_DEPLOYMENT_TARGET = 15.5;
				MTL_ENABLE_DEBUG_INFO = NO;
				MTL_FAST_MATH = YES;
				SDKROOT = iphoneos;
				SWIFT_COMPILATION_MODE = wholemodule;
				SWIFT_OPTIMIZATION_LEVEL = "-O";
				VALIDATE_PRODUCT = YES;
			};
			name = Release;
		};
		82948BF02874AEE30098B4BA /* Debug */ = {
			isa = XCBuildConfiguration;
			buildSettings = {
				ASSETCATALOG_COMPILER_APPICON_NAME = AppIcon;
				ASSETCATALOG_COMPILER_GLOBAL_ACCENT_COLOR_NAME = AccentColor;
				CODE_SIGN_STYLE = Automatic;
				CURRENT_PROJECT_VERSION = 1;
				DEVELOPMENT_TEAM = 9CSC9GA37T;
				GENERATE_INFOPLIST_FILE = YES;
				INFOPLIST_FILE = "Challenge-triunfo/Info.plist";
				INFOPLIST_KEY_UIApplicationSupportsIndirectInputEvents = YES;
				INFOPLIST_KEY_UILaunchStoryboardName = LaunchScreen;
				INFOPLIST_KEY_UIMainStoryboardFile = Main;
				INFOPLIST_KEY_UISupportedInterfaceOrientations_iPad = "UIInterfaceOrientationPortrait UIInterfaceOrientationPortraitUpsideDown UIInterfaceOrientationLandscapeLeft UIInterfaceOrientationLandscapeRight";
				INFOPLIST_KEY_UISupportedInterfaceOrientations_iPhone = "UIInterfaceOrientationPortrait UIInterfaceOrientationLandscapeLeft UIInterfaceOrientationLandscapeRight";
				LD_RUNPATH_SEARCH_PATHS = (
					"$(inherited)",
					"@executable_path/Frameworks",
				);
				MARKETING_VERSION = 1.0;
				PRODUCT_BUNDLE_IDENTIFIER = "br.ufpe.cin.academy.acrn.Challenge-triunfo";
				PRODUCT_NAME = "$(TARGET_NAME)";
				SWIFT_EMIT_LOC_STRINGS = YES;
				SWIFT_VERSION = 5.0;
				TARGETED_DEVICE_FAMILY = "1,2";
			};
			name = Debug;
		};
		82948BF12874AEE30098B4BA /* Release */ = {
			isa = XCBuildConfiguration;
			buildSettings = {
				ASSETCATALOG_COMPILER_APPICON_NAME = AppIcon;
				ASSETCATALOG_COMPILER_GLOBAL_ACCENT_COLOR_NAME = AccentColor;
				CODE_SIGN_STYLE = Automatic;
				CURRENT_PROJECT_VERSION = 1;
				DEVELOPMENT_TEAM = 9CSC9GA37T;
				GENERATE_INFOPLIST_FILE = YES;
				INFOPLIST_FILE = "Challenge-triunfo/Info.plist";
				INFOPLIST_KEY_UIApplicationSupportsIndirectInputEvents = YES;
				INFOPLIST_KEY_UILaunchStoryboardName = LaunchScreen;
				INFOPLIST_KEY_UIMainStoryboardFile = Main;
				INFOPLIST_KEY_UISupportedInterfaceOrientations_iPad = "UIInterfaceOrientationPortrait UIInterfaceOrientationPortraitUpsideDown UIInterfaceOrientationLandscapeLeft UIInterfaceOrientationLandscapeRight";
				INFOPLIST_KEY_UISupportedInterfaceOrientations_iPhone = "UIInterfaceOrientationPortrait UIInterfaceOrientationLandscapeLeft UIInterfaceOrientationLandscapeRight";
				LD_RUNPATH_SEARCH_PATHS = (
					"$(inherited)",
					"@executable_path/Frameworks",
				);
				MARKETING_VERSION = 1.0;
				PRODUCT_BUNDLE_IDENTIFIER = "br.ufpe.cin.academy.acrn.Challenge-triunfo";
				PRODUCT_NAME = "$(TARGET_NAME)";
				SWIFT_EMIT_LOC_STRINGS = YES;
				SWIFT_VERSION = 5.0;
				TARGETED_DEVICE_FAMILY = "1,2";
			};
			name = Release;
		};
/* End XCBuildConfiguration section */

/* Begin XCConfigurationList section */
		82948BD62874AEE10098B4BA /* Build configuration list for PBXProject "Challenge-triunfo" */ = {
			isa = XCConfigurationList;
			buildConfigurations = (
				82948BED2874AEE30098B4BA /* Debug */,
				82948BEE2874AEE30098B4BA /* Release */,
			);
			defaultConfigurationIsVisible = 0;
			defaultConfigurationName = Release;
		};
		82948BEF2874AEE30098B4BA /* Build configuration list for PBXNativeTarget "Challenge-triunfo" */ = {
			isa = XCConfigurationList;
			buildConfigurations = (
				82948BF02874AEE30098B4BA /* Debug */,
				82948BF12874AEE30098B4BA /* Release */,
			);
			defaultConfigurationIsVisible = 0;
			defaultConfigurationName = Release;
		};
/* End XCConfigurationList section */
	};
	rootObject = 82948BD32874AEE10098B4BA /* Project object */;
}
